
Microsoft Visual Studio Solution File, Format Version 12.00
# Visual Studio Version 16
VisualStudioVersion = 16.0.32002.261
MinimumVisualStudioVersion = 10.0.40219.1
Project("{FAE04EC0-301F-11D3-BF4B-00C04F79EFBC}") = "CRUD", "Registerlogin\CRUD.csproj", "{AB4018C1-F714-4410-8247-C60CB0A36C14}"
EndProject
Global
	GlobalSection(SolutionConfigurationPlatforms) = preSolution
		Debug|Any CPU = Debug|Any CPU
		Release|Any CPU = Release|Any CPU
	EndGlobalSection
	GlobalSection(ProjectConfigurationPlatforms) = postSolution
		{AB4018C1-F714-4410-8247-C60CB0A36C14}.Debug|Any CPU.ActiveCfg = Debug|Any CPU
		{AB4018C1-F714-4410-8247-C60CB0A36C14}.Debug|Any CPU.Build.0 = Debug|Any CPU
		{AB4018C1-F714-4410-8247-C60CB0A36C14}.Release|Any CPU.ActiveCfg = Release|Any CPU
		{AB4018C1-F714-4410-8247-C60CB0A36C14}.Release|Any CPU.Build.0 = Release|Any CPU
	EndGlobalSection
	GlobalSection(SolutionProperties) = preSolution
		HideSolutionNode = FALSE
	EndGlobalSection
	GlobalSection(ExtensibilityGlobals) = postSolution
		SolutionGuid = {B90A1F86-AB09-4B61-A709-6751BC63D88D}
	EndGlobalSection
EndGlobal
